
Microsoft Visual Studio Solution File, Format Version 12.00
# Visual Studio Version 16
VisualStudioVersion = 16.0.29230.47
MinimumVisualStudioVersion = 10.0.40219.1
Project("{FAE04EC0-301F-11D3-BF4B-00C04F79EFBC}") = "PassionProject", "PassionProject.csproj", "{76A132DE-9AB9-4FCF-A2C8-A341001F8465}"
EndProject
Global
	GlobalSection(SolutionConfigurationPlatforms) = preSolution
		Debug|Any CPU = Debug|Any CPU
		Release|Any CPU = Release|Any CPU
	EndGlobalSection
	GlobalSection(ProjectConfigurationPlatforms) = postSolution
		{76A132DE-9AB9-4FCF-A2C8-A341001F8465}.Debug|Any CPU.ActiveCfg = Debug|Any CPU
		{76A132DE-9AB9-4FCF-A2C8-A341001F8465}.Debug|Any CPU.Build.0 = Debug|Any CPU
		{76A132DE-9AB9-4FCF-A2C8-A341001F8465}.Release|Any CPU.ActiveCfg = Release|Any CPU
		{76A132DE-9AB9-4FCF-A2C8-A341001F8465}.Release|Any CPU.Build.0 = Release|Any CPU
	EndGlobalSection
	GlobalSection(SolutionProperties) = preSolution
		HideSolutionNode = FALSE
	EndGlobalSection
	GlobalSection(ExtensibilityGlobals) = postSolution
		SolutionGuid = {FC153CCE-FC47-4F38-A877-7413D9964CA7}
	EndGlobalSection
EndGlobal
